
Microsoft Visual Studio Solution File, Format Version 12.00
# Visual Studio Version 17
VisualStudioVersion = 17.8.34601.278
MinimumVisualStudioVersion = 10.0.40219.1
Project("{FAE04EC0-301F-11D3-BF4B-00C04F79EFBC}") = "DotNetAPI", "DotNetAPI\DotNetAPI.csproj", "{45B5EA17-D631-4C3E-9A18-BEE30114DADE}"
EndProject
Global
	GlobalSection(SolutionConfigurationPlatforms) = preSolution
		Debug|Any CPU = Debug|Any CPU
		Release|Any CPU = Release|Any CPU
	EndGlobalSection
	GlobalSection(ProjectConfigurationPlatforms) = postSolution
		{45B5EA17-D631-4C3E-9A18-BEE30114DADE}.Debug|Any CPU.ActiveCfg = Debug|Any CPU
		{45B5EA17-D631-4C3E-9A18-BEE30114DADE}.Debug|Any CPU.Build.0 = Debug|Any CPU
		{45B5EA17-D631-4C3E-9A18-BEE30114DADE}.Release|Any CPU.ActiveCfg = Release|Any CPU
		{45B5EA17-D631-4C3E-9A18-BEE30114DADE}.Release|Any CPU.Build.0 = Release|Any CPU
	EndGlobalSection
	GlobalSection(SolutionProperties) = preSolution
		HideSolutionNode = FALSE
	EndGlobalSection
	GlobalSection(ExtensibilityGlobals) = postSolution
		SolutionGuid = {6E55C64F-38EF-44E1-AAEA-57B144F7D110}
	EndGlobalSection
EndGlobal
